// !$*UTF8*$!
{
	archiveVersion = 1;
	classes = {
	};
	objectVersion = 56;
	objects = {

/* Begin PBXBuildFile section */
		8ECFA57B2CCBFD8400BBD4BA /* POC_FocusSaveApp.swift in Sources */ = {isa = PBXBuildFile; fileRef = 8ECFA57A2CCBFD8400BBD4BA /* POC_FocusSaveApp.swift */; };
		8ECFA57D2CCBFD8400BBD4BA /* ContentView.swift in Sources */ = {isa = PBXBuildFile; fileRef = 8ECFA57C2CCBFD8400BBD4BA /* ContentView.swift */; };
		8ECFA57F2CCBFD8500BBD4BA /* Assets.xcassets in Resources */ = {isa = PBXBuildFile; fileRef = 8ECFA57E2CCBFD8500BBD4BA /* Assets.xcassets */; };
		8ECFA5822CCBFD8500BBD4BA /* Preview Assets.xcassets in Resources */ = {isa = PBXBuildFile; fileRef = 8ECFA5812CCBFD8500BBD4BA /* Preview Assets.xcassets */; };
		8ECFA58C2CCBFD8500BBD4BA /* POC_FocusSaveTests.swift in Sources */ = {isa = PBXBuildFile; fileRef = 8ECFA58B2CCBFD8500BBD4BA /* POC_FocusSaveTests.swift */; };
		8ECFA5962CCBFD8500BBD4BA /* POC_FocusSaveUITests.swift in Sources */ = {isa = PBXBuildFile; fileRef = 8ECFA5952CCBFD8500BBD4BA /* POC_FocusSaveUITests.swift */; };
		8ECFA5982CCBFD8500BBD4BA /* POC_FocusSaveUITestsLaunchTests.swift in Sources */ = {isa = PBXBuildFile; fileRef = 8ECFA5972CCBFD8500BBD4BA /* POC_FocusSaveUITestsLaunchTests.swift */; };
/* End PBXBuildFile section */

/* Begin PBXContainerItemProxy section */
		8ECFA5882CCBFD8500BBD4BA /* PBXContainerItemProxy */ = {
			isa = PBXContainerItemProxy;
			containerPortal = 8ECFA56F2CCBFD8400BBD4BA /* Project object */;
			proxyType = 1;
			remoteGlobalIDString = 8ECFA5762CCBFD8400BBD4BA;
			remoteInfo = "POC-FocusSave";
		};
		8ECFA5922CCBFD8500BBD4BA /* PBXContainerItemProxy */ = {
			isa = PBXContainerItemProxy;
			containerPortal = 8ECFA56F2CCBFD8400BBD4BA /* Project object */;
			proxyType = 1;
			remoteGlobalIDString = 8ECFA5762CCBFD8400BBD4BA;
			remoteInfo = "POC-FocusSave";
		};
/* End PBXContainerItemProxy section */

/* Begin PBXFileReference section */
		8ECFA5772CCBFD8400BBD4BA /* POC-FocusSave.app */ = {isa = PBXFileReference; explicitFileType = wrapper.application; includeInIndex = 0; path = "POC-FocusSave.app"; sourceTree = BUILT_PRODUCTS_DIR; };
		8ECFA57A2CCBFD8400BBD4BA /* POC_FocusSaveApp.swift */ = {isa = PBXFileReference; lastKnownFileType = sourcecode.swift; path = POC_FocusSaveApp.swift; sourceTree = "<group>"; };
		8ECFA57C2CCBFD8400BBD4BA /* ContentView.swift */ = {isa = PBXFileReference; lastKnownFileType = sourcecode.swift; path = ContentView.swift; sourceTree = "<group>"; };
		8ECFA57E2CCBFD8500BBD4BA /* Assets.xcassets */ = {isa = PBXFileReference; lastKnownFileType = folder.assetcatalog; path = Assets.xcassets; sourceTree = "<group>"; };
		8ECFA5812CCBFD8500BBD4BA /* Preview Assets.xcassets */ = {isa = PBXFileReference; lastKnownFileType = folder.assetcatalog; path = "Preview Assets.xcassets"; sourceTree = "<group>"; };
		8ECFA5872CCBFD8500BBD4BA /* POC-FocusSaveTests.xctest */ = {isa = PBXFileReference; explicitFileType = wrapper.cfbundle; includeInIndex = 0; path = "POC-FocusSaveTests.xctest"; sourceTree = BUILT_PRODUCTS_DIR; };
		8ECFA58B2CCBFD8500BBD4BA /* POC_FocusSaveTests.swift */ = {isa = PBXFileReference; lastKnownFileType = sourcecode.swift; path = POC_FocusSaveTests.swift; sourceTree = "<group>"; };
		8ECFA5912CCBFD8500BBD4BA /* POC-FocusSaveUITests.xctest */ = {isa = PBXFileReference; explicitFileType = wrapper.cfbundle; includeInIndex = 0; path = "POC-FocusSaveUITests.xctest"; sourceTree = BUILT_PRODUCTS_DIR; };
		8ECFA5952CCBFD8500BBD4BA /* POC_FocusSaveUITests.swift */ = {isa = PBXFileReference; lastKnownFileType = sourcecode.swift; path = POC_FocusSaveUITests.swift; sourceTree = "<group>"; };
		8ECFA5972CCBFD8500BBD4BA /* POC_FocusSaveUITestsLaunchTests.swift */ = {isa = PBXFileReference; lastKnownFileType = sourcecode.swift; path = POC_FocusSaveUITestsLaunchTests.swift; sourceTree = "<group>"; };
/* End PBXFileReference section */

/* Begin PBXFrameworksBuildPhase section */
		8ECFA5742CCBFD8400BBD4BA /* Frameworks */ = {
			isa = PBXFrameworksBuildPhase;
			buildActionMask = 2147483647;
			files = (
			);
			runOnlyForDeploymentPostprocessing = 0;
		};
		8ECFA5842CCBFD8500BBD4BA /* Frameworks */ = {
			isa = PBXFrameworksBuildPhase;
			buildActionMask = 2147483647;
			files = (
			);
			runOnlyForDeploymentPostprocessing = 0;
		};
		8ECFA58E2CCBFD8500BBD4BA /* Frameworks */ = {
			isa = PBXFrameworksBuildPhase;
			buildActionMask = 2147483647;
			files = (
			);
			runOnlyForDeploymentPostprocessing = 0;
		};
/* End PBXFrameworksBuildPhase section */

/* Begin PBXGroup section */
		8ECFA56E2CCBFD8400BBD4BA = {
			isa = PBXGroup;
			children = (
				8ECFA5792CCBFD8400BBD4BA /* POC-FocusSave */,
				8ECFA58A2CCBFD8500BBD4BA /* POC-FocusSaveTests */,
				8ECFA5942CCBFD8500BBD4BA /* POC-FocusSaveUITests */,
				8ECFA5782CCBFD8400BBD4BA /* Products */,
			);
			sourceTree = "<group>";
		};
		8ECFA5782CCBFD8400BBD4BA /* Products */ = {
			isa = PBXGroup;
			children = (
				8ECFA5772CCBFD8400BBD4BA /* POC-FocusSave.app */,
				8ECFA5872CCBFD8500BBD4BA /* POC-FocusSaveTests.xctest */,
				8ECFA5912CCBFD8500BBD4BA /* POC-FocusSaveUITests.xctest */,
			);
			name = Products;
			sourceTree = "<group>";
		};
		8ECFA5792CCBFD8400BBD4BA /* POC-FocusSave */ = {
			isa = PBXGroup;
			children = (
				8ECFA57A2CCBFD8400BBD4BA /* POC_FocusSaveApp.swift */,
				8ECFA57C2CCBFD8400BBD4BA /* ContentView.swift */,
				8ECFA57E2CCBFD8500BBD4BA /* Assets.xcassets */,
				8ECFA5802CCBFD8500BBD4BA /* Preview Content */,
			);
			path = "POC-FocusSave";
			sourceTree = "<group>";
		};
		8ECFA5802CCBFD8500BBD4BA /* Preview Content */ = {
			isa = PBXGroup;
			children = (
				8ECFA5812CCBFD8500BBD4BA /* Preview Assets.xcassets */,
			);
			path = "Preview Content";
			sourceTree = "<group>";
		};
		8ECFA58A2CCBFD8500BBD4BA /* POC-FocusSaveTests */ = {
			isa = PBXGroup;
			children = (
				8ECFA58B2CCBFD8500BBD4BA /* POC_FocusSaveTests.swift */,
			);
			path = "POC-FocusSaveTests";
			sourceTree = "<group>";
		};
		8ECFA5942CCBFD8500BBD4BA /* POC-FocusSaveUITests */ = {
			isa = PBXGroup;
			children = (
				8ECFA5952CCBFD8500BBD4BA /* POC_FocusSaveUITests.swift */,
				8ECFA5972CCBFD8500BBD4BA /* POC_FocusSaveUITestsLaunchTests.swift */,
			);
			path = "POC-FocusSaveUITests";
			sourceTree = "<group>";
		};
/* End PBXGroup section */

/* Begin PBXNativeTarget section */
		8ECFA5762CCBFD8400BBD4BA /* POC-FocusSave */ = {
			isa = PBXNativeTarget;
			buildConfigurationList = 8ECFA59B2CCBFD8500BBD4BA /* Build configuration list for PBXNativeTarget "POC-FocusSave" */;
			buildPhases = (
				8ECFA5732CCBFD8400BBD4BA /* Sources */,
				8ECFA5742CCBFD8400BBD4BA /* Frameworks */,
				8ECFA5752CCBFD8400BBD4BA /* Resources */,
			);
			buildRules = (
			);
			dependencies = (
			);
			name = "POC-FocusSave";
			productName = "POC-FocusSave";
			productReference = 8ECFA5772CCBFD8400BBD4BA /* POC-FocusSave.app */;
			productType = "com.apple.product-type.application";
		};
		8ECFA5862CCBFD8500BBD4BA /* POC-FocusSaveTests */ = {
			isa = PBXNativeTarget;
			buildConfigurationList = 8ECFA59E2CCBFD8500BBD4BA /* Build configuration list for PBXNativeTarget "POC-FocusSaveTests" */;
			buildPhases = (
				8ECFA5832CCBFD8500BBD4BA /* Sources */,
				8ECFA5842CCBFD8500BBD4BA /* Frameworks */,
				8ECFA5852CCBFD8500BBD4BA /* Resources */,
			);
			buildRules = (
			);
			dependencies = (
				8ECFA5892CCBFD8500BBD4BA /* PBXTargetDependency */,
			);
			name = "POC-FocusSaveTests";
			productName = "POC-FocusSaveTests";
			productReference = 8ECFA5872CCBFD8500BBD4BA /* POC-FocusSaveTests.xctest */;
			productType = "com.apple.product-type.bundle.unit-test";
		};
		8ECFA5902CCBFD8500BBD4BA /* POC-FocusSaveUITests */ = {
			isa = PBXNativeTarget;
			buildConfigurationList = 8ECFA5A12CCBFD8500BBD4BA /* Build configuration list for PBXNativeTarget "POC-FocusSaveUITests" */;
			buildPhases = (
				8ECFA58D2CCBFD8500BBD4BA /* Sources */,
				8ECFA58E2CCBFD8500BBD4BA /* Frameworks */,
				8ECFA58F2CCBFD8500BBD4BA /* Resources */,
			);
			buildRules = (
			);
			dependencies = (
				8ECFA5932CCBFD8500BBD4BA /* PBXTargetDependency */,
			);
			name = "POC-FocusSaveUITests";
			productName = "POC-FocusSaveUITests";
			productReference = 8ECFA5912CCBFD8500BBD4BA /* POC-FocusSaveUITests.xctest */;
			productType = "com.apple.product-type.bundle.ui-testing";
		};
/* End PBXNativeTarget section */

/* Begin PBXProject section */
		8ECFA56F2CCBFD8400BBD4BA /* Project object */ = {
			isa = PBXProject;
			attributes = {
				BuildIndependentTargetsInParallel = 1;
				LastSwiftUpdateCheck = 1520;
				LastUpgradeCheck = 1520;
				TargetAttributes = {
					8ECFA5762CCBFD8400BBD4BA = {
						CreatedOnToolsVersion = 15.2;
					};
					8ECFA5862CCBFD8500BBD4BA = {
						CreatedOnToolsVersion = 15.2;
						TestTargetID = 8ECFA5762CCBFD8400BBD4BA;
					};
					8ECFA5902CCBFD8500BBD4BA = {
						CreatedOnToolsVersion = 15.2;
						TestTargetID = 8ECFA5762CCBFD8400BBD4BA;
					};
				};
			};
			buildConfigurationList = 8ECFA5722CCBFD8400BBD4BA /* Build configuration list for PBXProject "POC-FocusSave" */;
			compatibilityVersion = "Xcode 14.0";
			developmentRegion = en;
			hasScannedForEncodings = 0;
			knownRegions = (
				en,
				Base,
			);
			mainGroup = 8ECFA56E2CCBFD8400BBD4BA;
			productRefGroup = 8ECFA5782CCBFD8400BBD4BA /* Products */;
			projectDirPath = "";
			projectRoot = "";
			targets = (
				8ECFA5762CCBFD8400BBD4BA /* POC-FocusSave */,
				8ECFA5862CCBFD8500BBD4BA /* POC-FocusSaveTests */,
				8ECFA5902CCBFD8500BBD4BA /* POC-FocusSaveUITests */,
			);
		};
/* End PBXProject section */

/* Begin PBXResourcesBuildPhase section */
		8ECFA5752CCBFD8400BBD4BA /* Resources */ = {
			isa = PBXResourcesBuildPhase;
			buildActionMask = 2147483647;
			files = (
				8ECFA5822CCBFD8500BBD4BA /* Preview Assets.xcassets in Resources */,
				8ECFA57F2CCBFD8500BBD4BA /* Assets.xcassets in Resources */,
			);
			runOnlyForDeploymentPostprocessing = 0;
		};
		8ECFA5852CCBFD8500BBD4BA /* Resources */ = {
			isa = PBXResourcesBuildPhase;
			buildActionMask = 2147483647;
			files = (
			);
			runOnlyForDeploymentPostprocessing = 0;
		};
		8ECFA58F2CCBFD8500BBD4BA /* Resources */ = {
			isa = PBXResourcesBuildPhase;
			buildActionMask = 2147483647;
			files = (
			);
			runOnlyForDeploymentPostprocessing = 0;
		};
/* End PBXResourcesBuildPhase section */

/* Begin PBXSourcesBuildPhase section */
		8ECFA5732CCBFD8400BBD4BA /* Sources */ = {
			isa = PBXSourcesBuildPhase;
			buildActionMask = 2147483647;
			files = (
				8ECFA57D2CCBFD8400BBD4BA /* ContentView.swift in Sources */,
				8ECFA57B2CCBFD8400BBD4BA /* POC_FocusSaveApp.swift in Sources */,
			);
			runOnlyForDeploymentPostprocessing = 0;
		};
		8ECFA5832CCBFD8500BBD4BA /* Sources */ = {
			isa = PBXSourcesBuildPhase;
			buildActionMask = 2147483647;
			files = (
				8ECFA58C2CCBFD8500BBD4BA /* POC_FocusSaveTests.swift in Sources */,
			);
			runOnlyForDeploymentPostprocessing = 0;
		};
		8ECFA58D2CCBFD8500BBD4BA /* Sources */ = {
			isa = PBXSourcesBuildPhase;
			buildActionMask = 2147483647;
			files = (
				8ECFA5962CCBFD8500BBD4BA /* POC_FocusSaveUITests.swift in Sources */,
				8ECFA5982CCBFD8500BBD4BA /* POC_FocusSaveUITestsLaunchTests.swift in Sources */,
			);
			runOnlyForDeploymentPostprocessing = 0;
		};
/* End PBXSourcesBuildPhase section */

/* Begin PBXTargetDependency section */
		8ECFA5892CCBFD8500BBD4BA /* PBXTargetDependency */ = {
			isa = PBXTargetDependency;
			target = 8ECFA5762CCBFD8400BBD4BA /* POC-FocusSave */;
			targetProxy = 8ECFA5882CCBFD8500BBD4BA /* PBXContainerItemProxy */;
		};
		8ECFA5932CCBFD8500BBD4BA /* PBXTargetDependency */ = {
			isa = PBXTargetDependency;
			target = 8ECFA5762CCBFD8400BBD4BA /* POC-FocusSave */;
			targetProxy = 8ECFA5922CCBFD8500BBD4BA /* PBXContainerItemProxy */;
		};
/* End PBXTargetDependency section */

/* Begin XCBuildConfiguration section */
		8ECFA5992CCBFD8500BBD4BA /* Debug */ = {
			isa = XCBuildConfiguration;
			buildSettings = {
				ALWAYS_SEARCH_USER_PATHS = NO;
				ASSETCATALOG_COMPILER_GENERATE_SWIFT_ASSET_SYMBOL_EXTENSIONS = YES;
				CLANG_ANALYZER_NONNULL = YES;
				CLANG_ANALYZER_NUMBER_OBJECT_CONVERSION = YES_AGGRESSIVE;
				CLANG_CXX_LANGUAGE_STANDARD = "gnu++20";
				CLANG_ENABLE_MODULES = YES;
				CLANG_ENABLE_OBJC_ARC = YES;
				CLANG_ENABLE_OBJC_WEAK = YES;
				CLANG_WARN_BLOCK_CAPTURE_AUTORELEASING = YES;
				CLANG_WARN_BOOL_CONVERSION = YES;
				CLANG_WARN_COMMA = YES;
				CLANG_WARN_CONSTANT_CONVERSION = YES;
				CLANG_WARN_DEPRECATED_OBJC_IMPLEMENTATIONS = YES;
				CLANG_WARN_DIRECT_OBJC_ISA_USAGE = YES_ERROR;
				CLANG_WARN_DOCUMENTATION_COMMENTS = YES;
				CLANG_WARN_EMPTY_BODY = YES;
				CLANG_WARN_ENUM_CONVERSION = YES;
				CLANG_WARN_INFINITE_RECURSION = YES;
				CLANG_WARN_INT_CONVERSION = YES;
				CLANG_WARN_NON_LITERAL_NULL_CONVERSION = YES;
				CLANG_WARN_OBJC_IMPLICIT_RETAIN_SELF = YES;
				CLANG_WARN_OBJC_LITERAL_CONVERSION = YES;
				CLANG_WARN_OBJC_ROOT_CLASS = YES_ERROR;
				CLANG_WARN_QUOTED_INCLUDE_IN_FRAMEWORK_HEADER = YES;
				CLANG_WARN_RANGE_LOOP_ANALYSIS = YES;
				CLANG_WARN_STRICT_PROTOTYPES = YES;
				CLANG_WARN_SUSPICIOUS_MOVE = YES;
				CLANG_WARN_UNGUARDED_AVAILABILITY = YES_AGGRESSIVE;
				CLANG_WARN_UNREACHABLE_CODE = YES;
				CLANG_WARN__DUPLICATE_METHOD_MATCH = YES;
				COPY_PHASE_STRIP = NO;
				DEBUG_INFORMATION_FORMAT = dwarf;
				ENABLE_STRICT_OBJC_MSGSEND = YES;
				ENABLE_TESTABILITY = YES;
				ENABLE_USER_SCRIPT_SANDBOXING = YES;
				GCC_C_LANGUAGE_STANDARD = gnu17;
				GCC_DYNAMIC_NO_PIC = NO;
				GCC_NO_COMMON_BLOCKS = YES;
				GCC_OPTIMIZATION_LEVEL = 0;
				GCC_PREPROCESSOR_DEFINITIONS = (
					"DEBUG=1",
					"$(inherited)",
				);
				GCC_WARN_64_TO_32_BIT_CONVERSION = YES;
				GCC_WARN_ABOUT_RETURN_TYPE = YES_ERROR;
				GCC_WARN_UNDECLARED_SELECTOR = YES;
				GCC_WARN_UNINITIALIZED_AUTOS = YES_AGGRESSIVE;
				GCC_WARN_UNUSED_FUNCTION = YES;
				GCC_WARN_UNUSED_VARIABLE = YES;
				IPHONEOS_DEPLOYMENT_TARGET = 17.2;
				LOCALIZATION_PREFERS_STRING_CATALOGS = YES;
				MTL_ENABLE_DEBUG_INFO = INCLUDE_SOURCE;
				MTL_FAST_MATH = YES;
				ONLY_ACTIVE_ARCH = YES;
				SDKROOT = iphoneos;
				SWIFT_ACTIVE_COMPILATION_CONDITIONS = "DEBUG $(inherited)";
				SWIFT_OPTIMIZATION_LEVEL = "-Onone";
			};
			name = Debug;
		};
		8ECFA59A2CCBFD8500BBD4BA /* Release */ = {
			isa = XCBuildConfiguration;
			buildSettings = {
				ALWAYS_SEARCH_USER_PATHS = NO;
				ASSETCATALOG_COMPILER_GENERATE_SWIFT_ASSET_SYMBOL_EXTENSIONS = YES;
				CLANG_ANALYZER_NONNULL = YES;
				CLANG_ANALYZER_NUMBER_OBJECT_CONVERSION = YES_AGGRESSIVE;
				CLANG_CXX_LANGUAGE_STANDARD = "gnu++20";
				CLANG_ENABLE_MODULES = YES;
				CLANG_ENABLE_OBJC_ARC = YES;
				CLANG_ENABLE_OBJC_WEAK = YES;
				CLANG_WARN_BLOCK_CAPTURE_AUTORELEASING = YES;
				CLANG_WARN_BOOL_CONVERSION = YES;
				CLANG_WARN_COMMA = YES;
				CLANG_WARN_CONSTANT_CONVERSION = YES;
				CLANG_WARN_DEPRECATED_OBJC_IMPLEMENTATIONS = YES;
				CLANG_WARN_DIRECT_OBJC_ISA_USAGE = YES_ERROR;
				CLANG_WARN_DOCUMENTATION_COMMENTS = YES;
				CLANG_WARN_EMPTY_BODY = YES;
				CLANG_WARN_ENUM_CONVERSION = YES;
				CLANG_WARN_INFINITE_RECURSION = YES;
				CLANG_WARN_INT_CONVERSION = YES;
				CLANG_WARN_NON_LITERAL_NULL_CONVERSION = YES;
				CLANG_WARN_OBJC_IMPLICIT_RETAIN_SELF = YES;
				CLANG_WARN_OBJC_LITERAL_CONVERSION = YES;
				CLANG_WARN_OBJC_ROOT_CLASS = YES_ERROR;
				CLANG_WARN_QUOTED_INCLUDE_IN_FRAMEWORK_HEADER = YES;
				CLANG_WARN_RANGE_LOOP_ANALYSIS = YES;
				CLANG_WARN_STRICT_PROTOTYPES = YES;
				CLANG_WARN_SUSPICIOUS_MOVE = YES;
				CLANG_WARN_UNGUARDED_AVAILABILITY = YES_AGGRESSIVE;
				CLANG_WARN_UNREACHABLE_CODE = YES;
				CLANG_WARN__DUPLICATE_METHOD_MATCH = YES;
				COPY_PHASE_STRIP = NO;
				DEBUG_INFORMATION_FORMAT = "dwarf-with-dsym";
				ENABLE_NS_ASSERTIONS = NO;
				ENABLE_STRICT_OBJC_MSGSEND = YES;
				ENABLE_USER_SCRIPT_SANDBOXING = YES;
				GCC_C_LANGUAGE_STANDARD = gnu17;
				GCC_NO_COMMON_BLOCKS = YES;
				GCC_WARN_64_TO_32_BIT_CONVERSION = YES;
				GCC_WARN_ABOUT_RETURN_TYPE = YES_ERROR;
				GCC_WARN_UNDECLARED_SELECTOR = YES;
				GCC_WARN_UNINITIALIZED_AUTOS = YES_AGGRESSIVE;
				GCC_WARN_UNUSED_FUNCTION = YES;
				GCC_WARN_UNUSED_VARIABLE = YES;
				IPHONEOS_DEPLOYMENT_TARGET = 17.2;
				LOCALIZATION_PREFERS_STRING_CATALOGS = YES;
				MTL_ENABLE_DEBUG_INFO = NO;
				MTL_FAST_MATH = YES;
				SDKROOT = iphoneos;
				SWIFT_COMPILATION_MODE = wholemodule;
				VALIDATE_PRODUCT = YES;
			};
			name = Release;
		};
		8ECFA59C2CCBFD8500BBD4BA /* Debug */ = {
			isa = XCBuildConfiguration;
			buildSettings = {
				ASSETCATALOG_COMPILER_APPICON_NAME = AppIcon;
				ASSETCATALOG_COMPILER_GLOBAL_ACCENT_COLOR_NAME = AccentColor;
				CODE_SIGN_STYLE = Automatic;
				CURRENT_PROJECT_VERSION = 1;
				DEVELOPMENT_ASSET_PATHS = "\"POC-FocusSave/Preview Content\"";
				DEVELOPMENT_TEAM = H6P3V5FB7W;
				ENABLE_PREVIEWS = YES;
				GENERATE_INFOPLIST_FILE = YES;
				INFOPLIST_KEY_UIApplicationSceneManifest_Generation = YES;
				INFOPLIST_KEY_UIApplicationSupportsIndirectInputEvents = YES;
				INFOPLIST_KEY_UILaunchScreen_Generation = YES;
				INFOPLIST_KEY_UISupportedInterfaceOrientations_iPad = "UIInterfaceOrientationPortrait UIInterfaceOrientationPortraitUpsideDown UIInterfaceOrientationLandscapeLeft UIInterfaceOrientationLandscapeRight";
				INFOPLIST_KEY_UISupportedInterfaceOrientations_iPhone = "UIInterfaceOrientationPortrait UIInterfaceOrientationLandscapeLeft UIInterfaceOrientationLandscapeRight";
				LD_RUNPATH_SEARCH_PATHS = (
					"$(inherited)",
					"@executable_path/Frameworks",
				);
				MARKETING_VERSION = 1.0;
				PRODUCT_BUNDLE_IDENTIFIER = "personal.POC-FocusSave";
				PRODUCT_NAME = "$(TARGET_NAME)";
				SWIFT_EMIT_LOC_STRINGS = YES;
				SWIFT_VERSION = 5.0;
				TARGETED_DEVICE_FAMILY = "1,2";
			};
			name = Debug;
		};
		8ECFA59D2CCBFD8500BBD4BA /* Release */ = {
			isa = XCBuildConfiguration;
			buildSettings = {
				ASSETCATALOG_COMPILER_APPICON_NAME = AppIcon;
				ASSETCATALOG_COMPILER_GLOBAL_ACCENT_COLOR_NAME = AccentColor;
				CODE_SIGN_STYLE = Automatic;
				CURRENT_PROJECT_VERSION = 1;
				DEVELOPMENT_ASSET_PATHS = "\"POC-FocusSave/Preview Content\"";
				DEVELOPMENT_TEAM = H6P3V5FB7W;
				ENABLE_PREVIEWS = YES;
				GENERATE_INFOPLIST_FILE = YES;
				INFOPLIST_KEY_UIApplicationSceneManifest_Generation = YES;
				INFOPLIST_KEY_UIApplicationSupportsIndirectInputEvents = YES;
				INFOPLIST_KEY_UILaunchScreen_Generation = YES;
				INFOPLIST_KEY_UISupportedInterfaceOrientations_iPad = "UIInterfaceOrientationPortrait UIInterfaceOrientationPortraitUpsideDown UIInterfaceOrientationLandscapeLeft UIInterfaceOrientationLandscapeRight";
				INFOPLIST_KEY_UISupportedInterfaceOrientations_iPhone = "UIInterfaceOrientationPortrait UIInterfaceOrientationLandscapeLeft UIInterfaceOrientationLandscapeRight";
				LD_RUNPATH_SEARCH_PATHS = (
					"$(inherited)",
					"@executable_path/Frameworks",
				);
				MARKETING_VERSION = 1.0;
				PRODUCT_BUNDLE_IDENTIFIER = "personal.POC-FocusSave";
				PRODUCT_NAME = "$(TARGET_NAME)";
				SWIFT_EMIT_LOC_STRINGS = YES;
				SWIFT_VERSION = 5.0;
				TARGETED_DEVICE_FAMILY = "1,2";
			};
			name = Release;
		};
		8ECFA59F2CCBFD8500BBD4BA /* Debug */ = {
			isa = XCBuildConfiguration;
			buildSettings = {
				ALWAYS_EMBED_SWIFT_STANDARD_LIBRARIES = YES;
				BUNDLE_LOADER = "$(TEST_HOST)";
				CODE_SIGN_STYLE = Automatic;
				CURRENT_PROJECT_VERSION = 1;
				DEVELOPMENT_TEAM = H6P3V5FB7W;
				GENERATE_INFOPLIST_FILE = YES;
				IPHONEOS_DEPLOYMENT_TARGET = 17.2;
				MARKETING_VERSION = 1.0;
				PRODUCT_BUNDLE_IDENTIFIER = "personal.POC-FocusSaveTests";
				PRODUCT_NAME = "$(TARGET_NAME)";
				SWIFT_EMIT_LOC_STRINGS = NO;
				SWIFT_VERSION = 5.0;
				TARGETED_DEVICE_FAMILY = "1,2";
				TEST_HOST = "$(BUILT_PRODUCTS_DIR)/POC-FocusSave.app/$(BUNDLE_EXECUTABLE_FOLDER_PATH)/POC-FocusSave";
			};
			name = Debug;
		};
		8ECFA5A02CCBFD8500BBD4BA /* Release */ = {
			isa = XCBuildConfiguration;
			buildSettings = {
				ALWAYS_EMBED_SWIFT_STANDARD_LIBRARIES = YES;
				BUNDLE_LOADER = "$(TEST_HOST)";
				CODE_SIGN_STYLE = Automatic;
				CURRENT_PROJECT_VERSION = 1;
				DEVELOPMENT_TEAM = H6P3V5FB7W;
				GENERATE_INFOPLIST_FILE = YES;
				IPHONEOS_DEPLOYMENT_TARGET = 17.2;
				MARKETING_VERSION = 1.0;
				PRODUCT_BUNDLE_IDENTIFIER = "personal.POC-FocusSaveTests";
				PRODUCT_NAME = "$(TARGET_NAME)";
				SWIFT_EMIT_LOC_STRINGS = NO;
				SWIFT_VERSION = 5.0;
				TARGETED_DEVICE_FAMILY = "1,2";
				TEST_HOST = "$(BUILT_PRODUCTS_DIR)/POC-FocusSave.app/$(BUNDLE_EXECUTABLE_FOLDER_PATH)/POC-FocusSave";
			};
			name = Release;
		};
		8ECFA5A22CCBFD8500BBD4BA /* Debug */ = {
			isa = XCBuildConfiguration;
			buildSettings = {
				ALWAYS_EMBED_SWIFT_STANDARD_LIBRARIES = YES;
				CODE_SIGN_STYLE = Automatic;
				CURRENT_PROJECT_VERSION = 1;
				DEVELOPMENT_TEAM = H6P3V5FB7W;
				GENERATE_INFOPLIST_FILE = YES;
				MARKETING_VERSION = 1.0;
				PRODUCT_BUNDLE_IDENTIFIER = "personal.POC-FocusSaveUITests";
				PRODUCT_NAME = "$(TARGET_NAME)";
				SWIFT_EMIT_LOC_STRINGS = NO;
				SWIFT_VERSION = 5.0;
				TARGETED_DEVICE_FAMILY = "1,2";
				TEST_TARGET_NAME = "POC-FocusSave";
			};
			name = Debug;
		};
		8ECFA5A32CCBFD8500BBD4BA /* Release */ = {
			isa = XCBuildConfiguration;
			buildSettings = {
				ALWAYS_EMBED_SWIFT_STANDARD_LIBRARIES = YES;
				CODE_SIGN_STYLE = Automatic;
				CURRENT_PROJECT_VERSION = 1;
				DEVELOPMENT_TEAM = H6P3V5FB7W;
				GENERATE_INFOPLIST_FILE = YES;
				MARKETING_VERSION = 1.0;
				PRODUCT_BUNDLE_IDENTIFIER = "personal.POC-FocusSaveUITests";
				PRODUCT_NAME = "$(TARGET_NAME)";
				SWIFT_EMIT_LOC_STRINGS = NO;
				SWIFT_VERSION = 5.0;
				TARGETED_DEVICE_FAMILY = "1,2";
				TEST_TARGET_NAME = "POC-FocusSave";
			};
			name = Release;
		};
/* End XCBuildConfiguration section */

/* Begin XCConfigurationList section */
		8ECFA5722CCBFD8400BBD4BA /* Build configuration list for PBXProject "POC-FocusSave" */ = {
			isa = XCConfigurationList;
			buildConfigurations = (
				8ECFA5992CCBFD8500BBD4BA /* Debug */,
				8ECFA59A2CCBFD8500BBD4BA /* Release */,
			);
			defaultConfigurationIsVisible = 0;
			defaultConfigurationName = Release;
		};
		8ECFA59B2CCBFD8500BBD4BA /* Build configuration list for PBXNativeTarget "POC-FocusSave" */ = {
			isa = XCConfigurationList;
			buildConfigurations = (
				8ECFA59C2CCBFD8500BBD4BA /* Debug */,
				8ECFA59D2CCBFD8500BBD4BA /* Release */,
			);
			defaultConfigurationIsVisible = 0;
			defaultConfigurationName = Release;
		};
		8ECFA59E2CCBFD8500BBD4BA /* Build configuration list for PBXNativeTarget "POC-FocusSaveTests" */ = {
			isa = XCConfigurationList;
			buildConfigurations = (
				8ECFA59F2CCBFD8500BBD4BA /* Debug */,
				8ECFA5A02CCBFD8500BBD4BA /* Release */,
			);
			defaultConfigurationIsVisible = 0;
			defaultConfigurationName = Release;
		};
		8ECFA5A12CCBFD8500BBD4BA /* Build configuration list for PBXNativeTarget "POC-FocusSaveUITests" */ = {
			isa = XCConfigurationList;
			buildConfigurations = (
				8ECFA5A22CCBFD8500BBD4BA /* Debug */,
				8ECFA5A32CCBFD8500BBD4BA /* Release */,
			);
			defaultConfigurationIsVisible = 0;
			defaultConfigurationName = Release;
		};
/* End XCConfigurationList section */
	};
	rootObject = 8ECFA56F2CCBFD8400BBD4BA /* Project object */;
}
